
Microsoft Visual Studio Solution File, Format Version 12.00
# Visual Studio Version 17
VisualStudioVersion = 17.9.34728.123
MinimumVisualStudioVersion = 10.0.40219.1
Project("{FAE04EC0-301F-11D3-BF4B-00C04F79EFBC}") = "TodosAPI24", "TodosAPI24\TodosAPI24.csproj", "{3FBDD109-A117-4C7E-9E04-BBFF87F79A59}"
EndProject
Global
	GlobalSection(SolutionConfigurationPlatforms) = preSolution
		Debug|Any CPU = Debug|Any CPU
		Release|Any CPU = Release|Any CPU
	EndGlobalSection
	GlobalSection(ProjectConfigurationPlatforms) = postSolution
		{3FBDD109-A117-4C7E-9E04-BBFF87F79A59}.Debug|Any CPU.ActiveCfg = Debug|Any CPU
		{3FBDD109-A117-4C7E-9E04-BBFF87F79A59}.Debug|Any CPU.Build.0 = Debug|Any CPU
		{3FBDD109-A117-4C7E-9E04-BBFF87F79A59}.Release|Any CPU.ActiveCfg = Release|Any CPU
		{3FBDD109-A117-4C7E-9E04-BBFF87F79A59}.Release|Any CPU.Build.0 = Release|Any CPU
	EndGlobalSection
	GlobalSection(SolutionProperties) = preSolution
		HideSolutionNode = FALSE
	EndGlobalSection
	GlobalSection(ExtensibilityGlobals) = postSolution
		SolutionGuid = {D87FEADA-8C04-4D1E-AC11-C83146505BD4}
	EndGlobalSection
EndGlobal
